# THIS IS AN AUTOGENERATED FILE. DO NOT EDIT THIS FILE DIRECTLY.
# yarn lockfile v1
"node-omxplayer@git://github.com/milasevicius/node-omxplayer.git#607c90ca9c0fb36b8715f6f2a84c5df9c39a06cd":
  version "0.4.1"
  resolved "git://github.com/milasevicius/node-omxplayer.git#607c90ca9c0fb36b8715f6f2a84c5df9c39a06cd"

